// !$*UTF8*$!
{
	archiveVersion = 1;
	classes = {
	};
	objectVersion = 46;
	objects = {

/* Begin PBXBuildFile section */
		39BCD7F1199FF4FB00668301 /* main.m in Sources */ = {isa = PBXBuildFile; fileRef = 39BCD7F0199FF4FB00668301 /* main.m */; };
		39BCD7F4199FF4FB00668301 /* AppDelegate.m in Sources */ = {isa = PBXBuildFile; fileRef = 39BCD7F3199FF4FB00668301 /* AppDelegate.m */; };
		39BCD7F7199FF4FB00668301 /* ViewController.m in Sources */ = {isa = PBXBuildFile; fileRef = 39BCD7F6199FF4FB00668301 /* ViewController.m */; };
		39BCD7FA199FF4FB00668301 /* Main.storyboard in Resources */ = {isa = PBXBuildFile; fileRef = 39BCD7F8199FF4FB00668301 /* Main.storyboard */; };
		39BCD7FC199FF4FB00668301 /* Images.xcassets in Resources */ = {isa = PBXBuildFile; fileRef = 39BCD7FB199FF4FB00668301 /* Images.xcassets */; };
		39BCD808199FF4FB00668301 /* ScrollToTests.m in Sources */ = {isa = PBXBuildFile; fileRef = 39BCD807199FF4FB00668301 /* ScrollToTests.m */; };
		39BCD813199FF91500668301 /* SimpleCell.m in Sources */ = {isa = PBXBuildFile; fileRef = 39BCD812199FF91500668301 /* SimpleCell.m */; };
/* End PBXBuildFile section */

/* Begin PBXContainerItemProxy section */
		39BCD802199FF4FB00668301 /* PBXContainerItemProxy */ = {
			isa = PBXContainerItemProxy;
			containerPortal = 39BCD7E3199FF4FB00668301 /* Project object */;
			proxyType = 1;
			remoteGlobalIDString = 39BCD7EA199FF4FB00668301;
			remoteInfo = ScrollTo;
		};
/* End PBXContainerItemProxy section */

/* Begin PBXFileReference section */
		39BCD7EB199FF4FB00668301 /* ScrollTo.app */ = {isa = PBXFileReference; explicitFileType = wrapper.application; includeInIndex = 0; path = ScrollTo.app; sourceTree = BUILT_PRODUCTS_DIR; };
		39BCD7EF199FF4FB00668301 /* Info.plist */ = {isa = PBXFileReference; lastKnownFileType = text.plist.xml; path = Info.plist; sourceTree = "<group>"; };
		39BCD7F0199FF4FB00668301 /* main.m */ = {isa = PBXFileReference; lastKnownFileType = sourcecode.c.objc; path = main.m; sourceTree = "<group>"; };
		39BCD7F2199FF4FB00668301 /* AppDelegate.h */ = {isa = PBXFileReference; lastKnownFileType = sourcecode.c.h; path = AppDelegate.h; sourceTree = "<group>"; };
		39BCD7F3199FF4FB00668301 /* AppDelegate.m */ = {isa = PBXFileReference; lastKnownFileType = sourcecode.c.objc; path = AppDelegate.m; sourceTree = "<group>"; };
		39BCD7F5199FF4FB00668301 /* ViewController.h */ = {isa = PBXFileReference; lastKnownFileType = sourcecode.c.h; path = ViewController.h; sourceTree = "<group>"; };
		39BCD7F6199FF4FB00668301 /* ViewController.m */ = {isa = PBXFileReference; lastKnownFileType = sourcecode.c.objc; path = ViewController.m; sourceTree = "<group>"; };
		39BCD7F9199FF4FB00668301 /* Base */ = {isa = PBXFileReference; lastKnownFileType = file.storyboard; name = Base; path = Base.lproj/Main.storyboard; sourceTree = "<group>"; };
		39BCD7FB199FF4FB00668301 /* Images.xcassets */ = {isa = PBXFileReference; lastKnownFileType = folder.assetcatalog; path = Images.xcassets; sourceTree = "<group>"; };
		39BCD801199FF4FB00668301 /* ScrollToTests.xctest */ = {isa = PBXFileReference; explicitFileType = wrapper.cfbundle; includeInIndex = 0; path = ScrollToTests.xctest; sourceTree = BUILT_PRODUCTS_DIR; };
		39BCD806199FF4FB00668301 /* Info.plist */ = {isa = PBXFileReference; lastKnownFileType = text.plist.xml; path = Info.plist; sourceTree = "<group>"; };
		39BCD807199FF4FB00668301 /* ScrollToTests.m */ = {isa = PBXFileReference; lastKnownFileType = sourcecode.c.objc; path = ScrollToTests.m; sourceTree = "<group>"; };
		39BCD811199FF91500668301 /* SimpleCell.h */ = {isa = PBXFileReference; fileEncoding = 4; lastKnownFileType = sourcecode.c.h; path = SimpleCell.h; sourceTree = "<group>"; };
		39BCD812199FF91500668301 /* SimpleCell.m */ = {isa = PBXFileReference; fileEncoding = 4; lastKnownFileType = sourcecode.c.objc; path = SimpleCell.m; sourceTree = "<group>"; };
/* End PBXFileReference section */

/* Begin PBXFrameworksBuildPhase section */
		39BCD7E8199FF4FB00668301 /* Frameworks */ = {
			isa = PBXFrameworksBuildPhase;
			buildActionMask = 2147483647;
			files = (
			);
			runOnlyForDeploymentPostprocessing = 0;
		};
		39BCD7FE199FF4FB00668301 /* Frameworks */ = {
			isa = PBXFrameworksBuildPhase;
			buildActionMask = 2147483647;
			files = (
			);
			runOnlyForDeploymentPostprocessing = 0;
		};
/* End PBXFrameworksBuildPhase section */

/* Begin PBXGroup section */
		39BCD7E2199FF4FB00668301 = {
			isa = PBXGroup;
			children = (
				39BCD7ED199FF4FB00668301 /* ScrollTo */,
				39BCD804199FF4FB00668301 /* ScrollToTests */,
				39BCD7EC199FF4FB00668301 /* Products */,
			);
			sourceTree = "<group>";
		};
		39BCD7EC199FF4FB00668301 /* Products */ = {
			isa = PBXGroup;
			children = (
				39BCD7EB199FF4FB00668301 /* ScrollTo.app */,
				39BCD801199FF4FB00668301 /* ScrollToTests.xctest */,
			);
			name = Products;
			sourceTree = "<group>";
		};
		39BCD7ED199FF4FB00668301 /* ScrollTo */ = {
			isa = PBXGroup;
			children = (
				39BCD7F2199FF4FB00668301 /* AppDelegate.h */,
				39BCD7F3199FF4FB00668301 /* AppDelegate.m */,
				39BCD7F5199FF4FB00668301 /* ViewController.h */,
				39BCD7F6199FF4FB00668301 /* ViewController.m */,
				39BCD811199FF91500668301 /* SimpleCell.h */,
				39BCD812199FF91500668301 /* SimpleCell.m */,
				39BCD7F8199FF4FB00668301 /* Main.storyboard */,
				39BCD7FB199FF4FB00668301 /* Images.xcassets */,
				39BCD7EE199FF4FB00668301 /* Supporting Files */,
			);
			path = ScrollTo;
			sourceTree = "<group>";
		};
		39BCD7EE199FF4FB00668301 /* Supporting Files */ = {
			isa = PBXGroup;
			children = (
				39BCD7EF199FF4FB00668301 /* Info.plist */,
				39BCD7F0199FF4FB00668301 /* main.m */,
			);
			name = "Supporting Files";
			sourceTree = "<group>";
		};
		39BCD804199FF4FB00668301 /* ScrollToTests */ = {
			isa = PBXGroup;
			children = (
				39BCD807199FF4FB00668301 /* ScrollToTests.m */,
				39BCD805199FF4FB00668301 /* Supporting Files */,
			);
			path = ScrollToTests;
			sourceTree = "<group>";
		};
		39BCD805199FF4FB00668301 /* Supporting Files */ = {
			isa = PBXGroup;
			children = (
				39BCD806199FF4FB00668301 /* Info.plist */,
			);
			name = "Supporting Files";
			sourceTree = "<group>";
		};
/* End PBXGroup section */

/* Begin PBXNativeTarget section */
		39BCD7EA199FF4FB00668301 /* ScrollTo */ = {
			isa = PBXNativeTarget;
			buildConfigurationList = 39BCD80B199FF4FB00668301 /* Build configuration list for PBXNativeTarget "ScrollTo" */;
			buildPhases = (
				39BCD7E7199FF4FB00668301 /* Sources */,
				39BCD7E8199FF4FB00668301 /* Frameworks */,
				39BCD7E9199FF4FB00668301 /* Resources */,
			);
			buildRules = (
			);
			dependencies = (
			);
			name = ScrollTo;
			productName = ScrollTo;
			productReference = 39BCD7EB199FF4FB00668301 /* ScrollTo.app */;
			productType = "com.apple.product-type.application";
		};
		39BCD800199FF4FB00668301 /* ScrollToTests */ = {
			isa = PBXNativeTarget;
			buildConfigurationList = 39BCD80E199FF4FB00668301 /* Build configuration list for PBXNativeTarget "ScrollToTests" */;
			buildPhases = (
				39BCD7FD199FF4FB00668301 /* Sources */,
				39BCD7FE199FF4FB00668301 /* Frameworks */,
				39BCD7FF199FF4FB00668301 /* Resources */,
			);
			buildRules = (
			);
			dependencies = (
				39BCD803199FF4FB00668301 /* PBXTargetDependency */,
			);
			name = ScrollToTests;
			productName = ScrollToTests;
			productReference = 39BCD801199FF4FB00668301 /* ScrollToTests.xctest */;
			productType = "com.apple.product-type.bundle.unit-test";
		};
/* End PBXNativeTarget section */

/* Begin PBXProject section */
		39BCD7E3199FF4FB00668301 /* Project object */ = {
			isa = PBXProject;
			attributes = {
				LastUpgradeCheck = 0600;
				ORGANIZATIONNAME = "Hubert Kunnemeyer";
				TargetAttributes = {
					39BCD7EA199FF4FB00668301 = {
						CreatedOnToolsVersion = 6.0;
					};
					39BCD800199FF4FB00668301 = {
						CreatedOnToolsVersion = 6.0;
						TestTargetID = 39BCD7EA199FF4FB00668301;
					};
				};
			};
			buildConfigurationList = 39BCD7E6199FF4FB00668301 /* Build configuration list for PBXProject "ScrollTo" */;
			compatibilityVersion = "Xcode 3.2";
			developmentRegion = English;
			hasScannedForEncodings = 0;
			knownRegions = (
				en,
				Base,
			);
			mainGroup = 39BCD7E2199FF4FB00668301;
			productRefGroup = 39BCD7EC199FF4FB00668301 /* Products */;
			projectDirPath = "";
			projectRoot = "";
			targets = (
				39BCD7EA199FF4FB00668301 /* ScrollTo */,
				39BCD800199FF4FB00668301 /* ScrollToTests */,
			);
		};
/* End PBXProject section */

/* Begin PBXResourcesBuildPhase section */
		39BCD7E9199FF4FB00668301 /* Resources */ = {
			isa = PBXResourcesBuildPhase;
			buildActionMask = 2147483647;
			files = (
				39BCD7FA199FF4FB00668301 /* Main.storyboard in Resources */,
				39BCD7FC199FF4FB00668301 /* Images.xcassets in Resources */,
			);
			runOnlyForDeploymentPostprocessing = 0;
		};
		39BCD7FF199FF4FB00668301 /* Resources */ = {
			isa = PBXResourcesBuildPhase;
			buildActionMask = 2147483647;
			files = (
			);
			runOnlyForDeploymentPostprocessing = 0;
		};
/* End PBXResourcesBuildPhase section */

/* Begin PBXSourcesBuildPhase section */
		39BCD7E7199FF4FB00668301 /* Sources */ = {
			isa = PBXSourcesBuildPhase;
			buildActionMask = 2147483647;
			files = (
				39BCD7F7199FF4FB00668301 /* ViewController.m in Sources */,
				39BCD813199FF91500668301 /* SimpleCell.m in Sources */,
				39BCD7F4199FF4FB00668301 /* AppDelegate.m in Sources */,
				39BCD7F1199FF4FB00668301 /* main.m in Sources */,
			);
			runOnlyForDeploymentPostprocessing = 0;
		};
		39BCD7FD199FF4FB00668301 /* Sources */ = {
			isa = PBXSourcesBuildPhase;
			buildActionMask = 2147483647;
			files = (
				39BCD808199FF4FB00668301 /* ScrollToTests.m in Sources */,
			);
			runOnlyForDeploymentPostprocessing = 0;
		};
/* End PBXSourcesBuildPhase section */

/* Begin PBXTargetDependency section */
		39BCD803199FF4FB00668301 /* PBXTargetDependency */ = {
			isa = PBXTargetDependency;
			target = 39BCD7EA199FF4FB00668301 /* ScrollTo */;
			targetProxy = 39BCD802199FF4FB00668301 /* PBXContainerItemProxy */;
		};
/* End PBXTargetDependency section */

/* Begin PBXVariantGroup section */
		39BCD7F8199FF4FB00668301 /* Main.storyboard */ = {
			isa = PBXVariantGroup;
			children = (
				39BCD7F9199FF4FB00668301 /* Base */,
			);
			name = Main.storyboard;
			sourceTree = "<group>";
		};
/* End PBXVariantGroup section */

/* Begin XCBuildConfiguration section */
		39BCD809199FF4FB00668301 /* Debug */ = {
			isa = XCBuildConfiguration;
			buildSettings = {
				ALWAYS_SEARCH_USER_PATHS = NO;
				CLANG_CXX_LANGUAGE_STANDARD = "gnu++0x";
				CLANG_CXX_LIBRARY = "libc++";
				CLANG_ENABLE_MODULES = YES;
				CLANG_ENABLE_OBJC_ARC = YES;
				CLANG_WARN_BOOL_CONVERSION = YES;
				CLANG_WARN_CONSTANT_CONVERSION = YES;
				CLANG_WARN_DIRECT_OBJC_ISA_USAGE = YES_ERROR;
				CLANG_WARN_EMPTY_BODY = YES;
				CLANG_WARN_ENUM_CONVERSION = YES;
				CLANG_WARN_INT_CONVERSION = YES;
				CLANG_WARN_OBJC_ROOT_CLASS = YES_ERROR;
				CLANG_WARN_UNREACHABLE_CODE = YES;
				CLANG_WARN__DUPLICATE_METHOD_MATCH = YES;
				"CODE_SIGN_IDENTITY[sdk=iphoneos*]" = "iPhone Developer";
				COPY_PHASE_STRIP = NO;
				ENABLE_STRICT_OBJC_MSGSEND = YES;
				GCC_C_LANGUAGE_STANDARD = gnu99;
				GCC_DYNAMIC_NO_PIC = NO;
				GCC_OPTIMIZATION_LEVEL = 0;
				GCC_PREPROCESSOR_DEFINITIONS = (
					"DEBUG=1",
					"$(inherited)",
				);
				GCC_SYMBOLS_PRIVATE_EXTERN = NO;
				GCC_WARN_64_TO_32_BIT_CONVERSION = YES;
				GCC_WARN_ABOUT_RETURN_TYPE = YES_ERROR;
				GCC_WARN_UNDECLARED_SELECTOR = YES;
				GCC_WARN_UNINITIALIZED_AUTOS = YES_AGGRESSIVE;
				GCC_WARN_UNUSED_FUNCTION = YES;
				GCC_WARN_UNUSED_VARIABLE = YES;
				IPHONEOS_DEPLOYMENT_TARGET = 8.0;
				MTL_ENABLE_DEBUG_INFO = YES;
				ONLY_ACTIVE_ARCH = YES;
				SDKROOT = iphoneos;
				TARGETED_DEVICE_FAMILY = "1,2";
			};
			name = Debug;
		};
		39BCD80A199FF4FB00668301 /* Release */ = {
			isa = XCBuildConfiguration;
			buildSettings = {
				ALWAYS_SEARCH_USER_PATHS = NO;
				CLANG_CXX_LANGUAGE_STANDARD = "gnu++0x";
				CLANG_CXX_LIBRARY = "libc++";
				CLANG_ENABLE_MODULES = YES;
				CLANG_ENABLE_OBJC_ARC = YES;
				CLANG_WARN_BOOL_CONVERSION = YES;
				CLANG_WARN_CONSTANT_CONVERSION = YES;
				CLANG_WARN_DIRECT_OBJC_ISA_USAGE = YES_ERROR;
				CLANG_WARN_EMPTY_BODY = YES;
				CLANG_WARN_ENUM_CONVERSION = YES;
				CLANG_WARN_INT_CONVERSION = YES;
				CLANG_WARN_OBJC_ROOT_CLASS = YES_ERROR;
				CLANG_WARN_UNREACHABLE_CODE = YES;
				CLANG_WARN__DUPLICATE_METHOD_MATCH = YES;
				"CODE_SIGN_IDENTITY[sdk=iphoneos*]" = "iPhone Developer";
				COPY_PHASE_STRIP = YES;
				ENABLE_NS_ASSERTIONS = NO;
				ENABLE_STRICT_OBJC_MSGSEND = YES;
				GCC_C_LANGUAGE_STANDARD = gnu99;
				GCC_WARN_64_TO_32_BIT_CONVERSION = YES;
				GCC_WARN_ABOUT_RETURN_TYPE = YES_ERROR;
				GCC_WARN_UNDECLARED_SELECTOR = YES;
				GCC_WARN_UNINITIALIZED_AUTOS = YES_AGGRESSIVE;
				GCC_WARN_UNUSED_FUNCTION = YES;
				GCC_WARN_UNUSED_VARIABLE = YES;
				IPHONEOS_DEPLOYMENT_TARGET = 8.0;
				MTL_ENABLE_DEBUG_INFO = NO;
				SDKROOT = iphoneos;
				TARGETED_DEVICE_FAMILY = "1,2";
				VALIDATE_PRODUCT = YES;
			};
			name = Release;
		};
		39BCD80C199FF4FB00668301 /* Debug */ = {
			isa = XCBuildConfiguration;
			buildSettings = {
				ASSETCATALOG_COMPILER_APPICON_NAME = AppIcon;
				ASSETCATALOG_COMPILER_LAUNCHIMAGE_NAME = LaunchImage;
				INFOPLIST_FILE = ScrollTo/Info.plist;
				LD_RUNPATH_SEARCH_PATHS = "$(inherited) @executable_path/Frameworks";
				PRODUCT_NAME = "$(TARGET_NAME)";
			};
			name = Debug;
		};
		39BCD80D199FF4FB00668301 /* Release */ = {
			isa = XCBuildConfiguration;
			buildSettings = {
				ASSETCATALOG_COMPILER_APPICON_NAME = AppIcon;
				ASSETCATALOG_COMPILER_LAUNCHIMAGE_NAME = LaunchImage;
				INFOPLIST_FILE = ScrollTo/Info.plist;
				LD_RUNPATH_SEARCH_PATHS = "$(inherited) @executable_path/Frameworks";
				PRODUCT_NAME = "$(TARGET_NAME)";
			};
			name = Release;
		};
		39BCD80F199FF4FB00668301 /* Debug */ = {
			isa = XCBuildConfiguration;
			buildSettings = {
				BUNDLE_LOADER = "$(TEST_HOST)";
				FRAMEWORK_SEARCH_PATHS = (
					"$(SDKROOT)/Developer/Library/Frameworks",
					"$(inherited)",
				);
				GCC_PREPROCESSOR_DEFINITIONS = (
					"DEBUG=1",
					"$(inherited)",
				);
				INFOPLIST_FILE = ScrollToTests/Info.plist;
				LD_RUNPATH_SEARCH_PATHS = "$(inherited) @executable_path/Frameworks @loader_path/Frameworks";
				PRODUCT_NAME = "$(TARGET_NAME)";
				TEST_HOST = "$(BUILT_PRODUCTS_DIR)/ScrollTo.app/ScrollTo";
			};
			name = Debug;
		};
		39BCD810199FF4FB00668301 /* Release */ = {
			isa = XCBuildConfiguration;
			buildSettings = {
				BUNDLE_LOADER = "$(TEST_HOST)";
				FRAMEWORK_SEARCH_PATHS = (
					"$(SDKROOT)/Developer/Library/Frameworks",
					"$(inherited)",
				);
				INFOPLIST_FILE = ScrollToTests/Info.plist;
				LD_RUNPATH_SEARCH_PATHS = "$(inherited) @executable_path/Frameworks @loader_path/Frameworks";
				PRODUCT_NAME = "$(TARGET_NAME)";
				TEST_HOST = "$(BUILT_PRODUCTS_DIR)/ScrollTo.app/ScrollTo";
			};
			name = Release;
		};
/* End XCBuildConfiguration section */

/* Begin XCConfigurationList section */
		39BCD7E6199FF4FB00668301 /* Build configuration list for PBXProject "ScrollTo" */ = {
			isa = XCConfigurationList;
			buildConfigurations = (
				39BCD809199FF4FB00668301 /* Debug */,
				39BCD80A199FF4FB00668301 /* Release */,
			);
			defaultConfigurationIsVisible = 0;
			defaultConfigurationName = Release;
		};
		39BCD80B199FF4FB00668301 /* Build configuration list for PBXNativeTarget "ScrollTo" */ = {
			isa = XCConfigurationList;
			buildConfigurations = (
				39BCD80C199FF4FB00668301 /* Debug */,
				39BCD80D199FF4FB00668301 /* Release */,
			);
			defaultConfigurationIsVisible = 0;
		};
		39BCD80E199FF4FB00668301 /* Build configuration list for PBXNativeTarget "ScrollToTests" */ = {
			isa = XCConfigurationList;
			buildConfigurations = (
				39BCD80F199FF4FB00668301 /* Debug */,
				39BCD810199FF4FB00668301 /* Release */,
			);
			defaultConfigurationIsVisible = 0;
		};
/* End XCConfigurationList section */
	};
	rootObject = 39BCD7E3199FF4FB00668301 /* Project object */;
}
